
Microsoft Visual Studio Solution File, Format Version 12.00
# Visual Studio 15
VisualStudioVersion = 15.0.27428.2005
MinimumVisualStudioVersion = 10.0.40219.1
Project("{FAE04EC0-301F-11D3-BF4B-00C04F79EFBC}") = "Advent1.cs", "Advent1.cs\Advent1.cs.csproj", "{810C5684-E5BD-4861-95F5-6C7CFE3E8759}"
EndProject
Project("{FAE04EC0-301F-11D3-BF4B-00C04F79EFBC}") = "Advent1b.cs", "Advent1b.cs\Advent1b.cs.csproj", "{1D74A4BD-7AF0-45CC-9B8D-629A71D68578}"
EndProject
Global
	GlobalSection(SolutionConfigurationPlatforms) = preSolution
		Debug|Any CPU = Debug|Any CPU
		Release|Any CPU = Release|Any CPU
	EndGlobalSection
	GlobalSection(ProjectConfigurationPlatforms) = postSolution
		{810C5684-E5BD-4861-95F5-6C7CFE3E8759}.Debug|Any CPU.ActiveCfg = Debug|Any CPU
		{810C5684-E5BD-4861-95F5-6C7CFE3E8759}.Debug|Any CPU.Build.0 = Debug|Any CPU
		{810C5684-E5BD-4861-95F5-6C7CFE3E8759}.Release|Any CPU.ActiveCfg = Release|Any CPU
		{810C5684-E5BD-4861-95F5-6C7CFE3E8759}.Release|Any CPU.Build.0 = Release|Any CPU
		{1D74A4BD-7AF0-45CC-9B8D-629A71D68578}.Debug|Any CPU.ActiveCfg = Debug|Any CPU
		{1D74A4BD-7AF0-45CC-9B8D-629A71D68578}.Debug|Any CPU.Build.0 = Debug|Any CPU
		{1D74A4BD-7AF0-45CC-9B8D-629A71D68578}.Release|Any CPU.ActiveCfg = Release|Any CPU
		{1D74A4BD-7AF0-45CC-9B8D-629A71D68578}.Release|Any CPU.Build.0 = Release|Any CPU
	EndGlobalSection
	GlobalSection(SolutionProperties) = preSolution
		HideSolutionNode = FALSE
	EndGlobalSection
	GlobalSection(ExtensibilityGlobals) = postSolution
		SolutionGuid = {BC618E18-2E92-4F47-BC78-D04A17AC0890}
	EndGlobalSection
EndGlobal
